github.com/DAddYE/vips v0.0.0-20170307215529-87cfaf94f7a1 h1:PqN67eMwgNYHsMK/f/0cmgfeqIgdFVgzGKsP1VxJwfc=
github.com/DAddYE/vips v0.0.0-20170307215529-87cfaf94f7a1/go.mod h1:Z/yQH1IJmSrzXxhNX0AJ4t4cCccw0KryeyvTrxo68j8=
github.com/floostack/transcoder v1.1.1 h1:ApvdTZGt4r1N8dcT1PEl4jxX5OBHaOMY42kmCKNbYCE=
github.com/floostack/transcoder v1.1.1/go.mod h1:lT+f8NEGaHP6AVeYLicas0EI0+TforD+DRuLziJg6bY=
golang.org/x/image v0.0.0-20210504121937-7319ad40d33e h1:PzJMNfFQx+QO9hrC1GwZ4BoPGeNGhfeQEgcQFArEjPk=
golang.org/x/image v0.0.0-20210504121937-7319ad40d33e/go.mod h1:FeLwcggjj3mMvU+oOTbSwawSJRM1uh48EjtB4UJZlP0=
golang.org/x/text v0.3.0/go.mod h1:NqM8EUOU14njkJ3fqMW+pc6Ldnwhi/IjpwHt7yyuwOQ=
